
Microsoft Visual Studio Solution File, Format Version 12.00
# Visual Studio Version 16
VisualStudioVersion = 16.0.31424.327
MinimumVisualStudioVersion = 10.0.40219.1
Project("{FAE04EC0-301F-11D3-BF4B-00C04F79EFBC}") = "ITGDevices", "ITGDevices\ITGDevices.csproj", "{8EC3D7A5-6437-4F8F-B3E7-24C380D80450}"
EndProject
Global
	GlobalSection(SolutionConfigurationPlatforms) = preSolution
		Debug|Any CPU = Debug|Any CPU
		Release|Any CPU = Release|Any CPU
	EndGlobalSection
	GlobalSection(ProjectConfigurationPlatforms) = postSolution
		{8EC3D7A5-6437-4F8F-B3E7-24C380D80450}.Debug|Any CPU.ActiveCfg = Debug|Any CPU
		{8EC3D7A5-6437-4F8F-B3E7-24C380D80450}.Debug|Any CPU.Build.0 = Debug|Any CPU
		{8EC3D7A5-6437-4F8F-B3E7-24C380D80450}.Release|Any CPU.ActiveCfg = Release|Any CPU
		{8EC3D7A5-6437-4F8F-B3E7-24C380D80450}.Release|Any CPU.Build.0 = Release|Any CPU
	EndGlobalSection
	GlobalSection(SolutionProperties) = preSolution
		HideSolutionNode = FALSE
	EndGlobalSection
	GlobalSection(ExtensibilityGlobals) = postSolution
		SolutionGuid = {2260146A-9E7A-49E9-8C17-5D5506D8A6BD}
	EndGlobalSection
EndGlobal
